// !$*UTF8*$!
{
	archiveVersion = 1;
	classes = {
	};
	objectVersion = 50;
	objects = {

/* Begin PBXBuildFile section */
		C20256F121E7AE6800DE6E53 /* AppDelegate.swift in Sources */ = {isa = PBXBuildFile; fileRef = C20256F021E7AE6800DE6E53 /* AppDelegate.swift */; };
		C20256F621E7AE6800DE6E53 /* Main.storyboard in Resources */ = {isa = PBXBuildFile; fileRef = C20256F421E7AE6800DE6E53 /* Main.storyboard */; };
		C20256F821E7AE6900DE6E53 /* Assets.xcassets in Resources */ = {isa = PBXBuildFile; fileRef = C20256F721E7AE6900DE6E53 /* Assets.xcassets */; };
		C20256FB21E7AE6900DE6E53 /* LaunchScreen.storyboard in Resources */ = {isa = PBXBuildFile; fileRef = C20256F921E7AE6900DE6E53 /* LaunchScreen.storyboard */; };
		C202570321E7AECE00DE6E53 /* BluetoothSerial.swift in Sources */ = {isa = PBXBuildFile; fileRef = C202570221E7AECE00DE6E53 /* BluetoothSerial.swift */; };
		C202570521E7AF6500DE6E53 /* LaunchController.swift in Sources */ = {isa = PBXBuildFile; fileRef = C202570421E7AF6500DE6E53 /* LaunchController.swift */; };
		C202570721E7BD1700DE6E53 /* LaunchViewController.swift in Sources */ = {isa = PBXBuildFile; fileRef = C202570621E7BD1700DE6E53 /* LaunchViewController.swift */; };
		C202570921E7BD5000DE6E53 /* ConnectionViewController.swift in Sources */ = {isa = PBXBuildFile; fileRef = C202570821E7BD5000DE6E53 /* ConnectionViewController.swift */; };
		C2503C3221EE69EB00D8F7D8 /* BTLauncher.ino in Resources */ = {isa = PBXBuildFile; fileRef = C2503C2F21EE69EB00D8F7D8 /* BTLauncher.ino */; };
		C2FC4E5221E90F7D00865E10 /* SettingsViewController.swift in Sources */ = {isa = PBXBuildFile; fileRef = C2FC4E5121E90F7D00865E10 /* SettingsViewController.swift */; };
		C2FC4E5421E9116200865E10 /* LocalSettings.swift in Sources */ = {isa = PBXBuildFile; fileRef = C2FC4E5321E9116200865E10 /* LocalSettings.swift */; };
/* End PBXBuildFile section */

/* Begin PBXFileReference section */
		C20256ED21E7AE6800DE6E53 /* BTLauncher.app */ = {isa = PBXFileReference; explicitFileType = wrapper.application; includeInIndex = 0; path = BTLauncher.app; sourceTree = BUILT_PRODUCTS_DIR; };
		C20256F021E7AE6800DE6E53 /* AppDelegate.swift */ = {isa = PBXFileReference; lastKnownFileType = sourcecode.swift; path = AppDelegate.swift; sourceTree = "<group>"; };
		C20256F521E7AE6800DE6E53 /* Base */ = {isa = PBXFileReference; lastKnownFileType = file.storyboard; name = Base; path = Base.lproj/Main.storyboard; sourceTree = "<group>"; };
		C20256F721E7AE6900DE6E53 /* Assets.xcassets */ = {isa = PBXFileReference; lastKnownFileType = folder.assetcatalog; path = Assets.xcassets; sourceTree = "<group>"; };
		C20256FA21E7AE6900DE6E53 /* Base */ = {isa = PBXFileReference; lastKnownFileType = file.storyboard; name = Base; path = Base.lproj/LaunchScreen.storyboard; sourceTree = "<group>"; };
		C20256FC21E7AE6900DE6E53 /* Info.plist */ = {isa = PBXFileReference; lastKnownFileType = text.plist.xml; path = Info.plist; sourceTree = "<group>"; };
		C202570221E7AECE00DE6E53 /* BluetoothSerial.swift */ = {isa = PBXFileReference; fileEncoding = 4; lastKnownFileType = sourcecode.swift; path = BluetoothSerial.swift; sourceTree = "<group>"; };
		C202570421E7AF6500DE6E53 /* LaunchController.swift */ = {isa = PBXFileReference; lastKnownFileType = sourcecode.swift; path = LaunchController.swift; sourceTree = "<group>"; };
		C202570621E7BD1700DE6E53 /* LaunchViewController.swift */ = {isa = PBXFileReference; lastKnownFileType = sourcecode.swift; path = LaunchViewController.swift; sourceTree = "<group>"; };
		C202570821E7BD5000DE6E53 /* ConnectionViewController.swift */ = {isa = PBXFileReference; lastKnownFileType = sourcecode.swift; path = ConnectionViewController.swift; sourceTree = "<group>"; };
		C2503C2F21EE69EB00D8F7D8 /* BTLauncher.ino */ = {isa = PBXFileReference; fileEncoding = 4; lastKnownFileType = text; name = BTLauncher.ino; path = ../../Launcher/BTLauncher/BTLauncher.ino; sourceTree = "<group>"; };
		C2503C3021EE69EB00D8F7D8 /* BTLauncher.h */ = {isa = PBXFileReference; fileEncoding = 4; lastKnownFileType = sourcecode.c.h; name = BTLauncher.h; path = ../../Launcher/BTLauncher/BTLauncher.h; sourceTree = "<group>"; };
		C2503C3121EE69EB00D8F7D8 /* LauncherProtocol.h */ = {isa = PBXFileReference; fileEncoding = 4; lastKnownFileType = sourcecode.c.h; name = LauncherProtocol.h; path = ../../Launcher/BTLauncher/LauncherProtocol.h; sourceTree = "<group>"; };
		C2FC4E4C21E8DA7500865E10 /* LauncherProtocol.h */ = {isa = PBXFileReference; lastKnownFileType = sourcecode.c.h; path = LauncherProtocol.h; sourceTree = "<group>"; };
		C2FC4E4E21E8DEAA00865E10 /* BTLauncher-Bridging-Header.h */ = {isa = PBXFileReference; lastKnownFileType = sourcecode.c.h; path = "BTLauncher-Bridging-Header.h"; sourceTree = SOURCE_ROOT; };
		C2FC4E5121E90F7D00865E10 /* SettingsViewController.swift */ = {isa = PBXFileReference; lastKnownFileType = sourcecode.swift; path = SettingsViewController.swift; sourceTree = "<group>"; };
		C2FC4E5321E9116200865E10 /* LocalSettings.swift */ = {isa = PBXFileReference; lastKnownFileType = sourcecode.swift; path = LocalSettings.swift; sourceTree = "<group>"; };
/* End PBXFileReference section */

/* Begin PBXFrameworksBuildPhase section */
		C20256EA21E7AE6800DE6E53 /* Frameworks */ = {
			isa = PBXFrameworksBuildPhase;
			buildActionMask = 2147483647;
			files = (
			);
			runOnlyForDeploymentPostprocessing = 0;
		};
/* End PBXFrameworksBuildPhase section */

/* Begin PBXGroup section */
		C20256E421E7AE6800DE6E53 = {
			isa = PBXGroup;
			children = (
				C2503C2E21EE69D300D8F7D8 /* Arduino */,
				C20256EF21E7AE6800DE6E53 /* BTLauncher */,
				C20256EE21E7AE6800DE6E53 /* Products */,
			);
			sourceTree = "<group>";
		};
		C20256EE21E7AE6800DE6E53 /* Products */ = {
			isa = PBXGroup;
			children = (
				C20256ED21E7AE6800DE6E53 /* BTLauncher.app */,
			);
			name = Products;
			sourceTree = "<group>";
		};
		C20256EF21E7AE6800DE6E53 /* BTLauncher */ = {
			isa = PBXGroup;
			children = (
				C2FC4E4C21E8DA7500865E10 /* LauncherProtocol.h */,
				C202570221E7AECE00DE6E53 /* BluetoothSerial.swift */,
				C20256F021E7AE6800DE6E53 /* AppDelegate.swift */,
				C202570421E7AF6500DE6E53 /* LaunchController.swift */,
				C20256F421E7AE6800DE6E53 /* Main.storyboard */,
				C20256F721E7AE6900DE6E53 /* Assets.xcassets */,
				C20256F921E7AE6900DE6E53 /* LaunchScreen.storyboard */,
				C20256FC21E7AE6900DE6E53 /* Info.plist */,
				C202570621E7BD1700DE6E53 /* LaunchViewController.swift */,
				C202570821E7BD5000DE6E53 /* ConnectionViewController.swift */,
				C2FC4E4E21E8DEAA00865E10 /* BTLauncher-Bridging-Header.h */,
				C2FC4E5121E90F7D00865E10 /* SettingsViewController.swift */,
				C2FC4E5321E9116200865E10 /* LocalSettings.swift */,
			);
			path = BTLauncher;
			sourceTree = "<group>";
		};
		C2503C2E21EE69D300D8F7D8 /* Arduino */ = {
			isa = PBXGroup;
			children = (
				C2503C3021EE69EB00D8F7D8 /* BTLauncher.h */,
				C2503C2F21EE69EB00D8F7D8 /* BTLauncher.ino */,
				C2503C3121EE69EB00D8F7D8 /* LauncherProtocol.h */,
			);
			path = Arduino;
			sourceTree = "<group>";
		};
/* End PBXGroup section */

/* Begin PBXNativeTarget section */
		C20256EC21E7AE6800DE6E53 /* BTLauncher */ = {
			isa = PBXNativeTarget;
			buildConfigurationList = C20256FF21E7AE6900DE6E53 /* Build configuration list for PBXNativeTarget "BTLauncher" */;
			buildPhases = (
				C20256E921E7AE6800DE6E53 /* Sources */,
				C20256EA21E7AE6800DE6E53 /* Frameworks */,
				C20256EB21E7AE6800DE6E53 /* Resources */,
			);
			buildRules = (
			);
			dependencies = (
			);
			name = BTLauncher;
			productName = BTLauncher;
			productReference = C20256ED21E7AE6800DE6E53 /* BTLauncher.app */;
			productType = "com.apple.product-type.application";
		};
/* End PBXNativeTarget section */

/* Begin PBXProject section */
		C20256E521E7AE6800DE6E53 /* Project object */ = {
			isa = PBXProject;
			attributes = {
				LastSwiftUpdateCheck = 1010;
				LastUpgradeCheck = 1010;
				ORGANIZATIONNAME = "Jonathan Nobels";
				TargetAttributes = {
					C20256EC21E7AE6800DE6E53 = {
						CreatedOnToolsVersion = 10.1;
					};
				};
			};
			buildConfigurationList = C20256E821E7AE6800DE6E53 /* Build configuration list for PBXProject "BTLauncher" */;
			compatibilityVersion = "Xcode 9.3";
			developmentRegion = en;
			hasScannedForEncodings = 0;
			knownRegions = (
				en,
				Base,
			);
			mainGroup = C20256E421E7AE6800DE6E53;
			productRefGroup = C20256EE21E7AE6800DE6E53 /* Products */;
			projectDirPath = "";
			projectRoot = "";
			targets = (
				C20256EC21E7AE6800DE6E53 /* BTLauncher */,
			);
		};
/* End PBXProject section */

/* Begin PBXResourcesBuildPhase section */
		C20256EB21E7AE6800DE6E53 /* Resources */ = {
			isa = PBXResourcesBuildPhase;
			buildActionMask = 2147483647;
			files = (
				C20256FB21E7AE6900DE6E53 /* LaunchScreen.storyboard in Resources */,
				C20256F821E7AE6900DE6E53 /* Assets.xcassets in Resources */,
				C2503C3221EE69EB00D8F7D8 /* BTLauncher.ino in Resources */,
				C20256F621E7AE6800DE6E53 /* Main.storyboard in Resources */,
			);
			runOnlyForDeploymentPostprocessing = 0;
		};
/* End PBXResourcesBuildPhase section */

/* Begin PBXSourcesBuildPhase section */
		C20256E921E7AE6800DE6E53 /* Sources */ = {
			isa = PBXSourcesBuildPhase;
			buildActionMask = 2147483647;
			files = (
				C202570521E7AF6500DE6E53 /* LaunchController.swift in Sources */,
				C20256F121E7AE6800DE6E53 /* AppDelegate.swift in Sources */,
				C2FC4E5421E9116200865E10 /* LocalSettings.swift in Sources */,
				C202570921E7BD5000DE6E53 /* ConnectionViewController.swift in Sources */,
				C202570321E7AECE00DE6E53 /* BluetoothSerial.swift in Sources */,
				C202570721E7BD1700DE6E53 /* LaunchViewController.swift in Sources */,
				C2FC4E5221E90F7D00865E10 /* SettingsViewController.swift in Sources */,
			);
			runOnlyForDeploymentPostprocessing = 0;
		};
/* End PBXSourcesBuildPhase section */

/* Begin PBXVariantGroup section */
		C20256F421E7AE6800DE6E53 /* Main.storyboard */ = {
			isa = PBXVariantGroup;
			children = (
				C20256F521E7AE6800DE6E53 /* Base */,
			);
			name = Main.storyboard;
			sourceTree = "<group>";
		};
		C20256F921E7AE6900DE6E53 /* LaunchScreen.storyboard */ = {
			isa = PBXVariantGroup;
			children = (
				C20256FA21E7AE6900DE6E53 /* Base */,
			);
			name = LaunchScreen.storyboard;
			sourceTree = "<group>";
		};
/* End PBXVariantGroup section */

/* Begin XCBuildConfiguration section */
		C20256FD21E7AE6900DE6E53 /* Debug */ = {
			isa = XCBuildConfiguration;
			buildSettings = {
				ALWAYS_SEARCH_USER_PATHS = NO;
				CLANG_ANALYZER_NONNULL = YES;
				CLANG_ANALYZER_NUMBER_OBJECT_CONVERSION = YES_AGGRESSIVE;
				CLANG_CXX_LANGUAGE_STANDARD = "gnu++14";
				CLANG_CXX_LIBRARY = "libc++";
				CLANG_ENABLE_MODULES = YES;
				CLANG_ENABLE_OBJC_ARC = YES;
				CLANG_ENABLE_OBJC_WEAK = YES;
				CLANG_WARN_BLOCK_CAPTURE_AUTORELEASING = YES;
				CLANG_WARN_BOOL_CONVERSION = YES;
				CLANG_WARN_COMMA = YES;
				CLANG_WARN_CONSTANT_CONVERSION = YES;
				CLANG_WARN_DEPRECATED_OBJC_IMPLEMENTATIONS = YES;
				CLANG_WARN_DIRECT_OBJC_ISA_USAGE = YES_ERROR;
				CLANG_WARN_DOCUMENTATION_COMMENTS = YES;
				CLANG_WARN_EMPTY_BODY = YES;
				CLANG_WARN_ENUM_CONVERSION = YES;
				CLANG_WARN_INFINITE_RECURSION = YES;
				CLANG_WARN_INT_CONVERSION = YES;
				CLANG_WARN_NON_LITERAL_NULL_CONVERSION = YES;
				CLANG_WARN_OBJC_IMPLICIT_RETAIN_SELF = YES;
				CLANG_WARN_OBJC_LITERAL_CONVERSION = YES;
				CLANG_WARN_OBJC_ROOT_CLASS = YES_ERROR;
				CLANG_WARN_RANGE_LOOP_ANALYSIS = YES;
				CLANG_WARN_STRICT_PROTOTYPES = YES;
				CLANG_WARN_SUSPICIOUS_MOVE = YES;
				CLANG_WARN_UNGUARDED_AVAILABILITY = YES_AGGRESSIVE;
				CLANG_WARN_UNREACHABLE_CODE = YES;
				CLANG_WARN__DUPLICATE_METHOD_MATCH = YES;
				CODE_SIGN_IDENTITY = "iPhone Developer";
				COPY_PHASE_STRIP = NO;
				DEBUG_INFORMATION_FORMAT = dwarf;
				ENABLE_STRICT_OBJC_MSGSEND = YES;
				ENABLE_TESTABILITY = YES;
				GCC_C_LANGUAGE_STANDARD = gnu11;
				GCC_DYNAMIC_NO_PIC = NO;
				GCC_NO_COMMON_BLOCKS = YES;
				GCC_OPTIMIZATION_LEVEL = 0;
				GCC_PREPROCESSOR_DEFINITIONS = (
					"DEBUG=1",
					"$(inherited)",
				);
				GCC_WARN_64_TO_32_BIT_CONVERSION = YES;
				GCC_WARN_ABOUT_RETURN_TYPE = YES_ERROR;
				GCC_WARN_UNDECLARED_SELECTOR = YES;
				GCC_WARN_UNINITIALIZED_AUTOS = YES_AGGRESSIVE;
				GCC_WARN_UNUSED_FUNCTION = YES;
				GCC_WARN_UNUSED_VARIABLE = YES;
				IPHONEOS_DEPLOYMENT_TARGET = 12.1;
				MTL_ENABLE_DEBUG_INFO = INCLUDE_SOURCE;
				MTL_FAST_MATH = YES;
				ONLY_ACTIVE_ARCH = YES;
				SDKROOT = iphoneos;
				SWIFT_ACTIVE_COMPILATION_CONDITIONS = DEBUG;
				SWIFT_OBJC_BRIDGING_HEADER = "$(SRCROOT)/BTLauncher-Bridging-Header.h";
				SWIFT_OPTIMIZATION_LEVEL = "-Onone";
			};
			name = Debug;
		};
		C20256FE21E7AE6900DE6E53 /* Release */ = {
			isa = XCBuildConfiguration;
			buildSettings = {
				ALWAYS_SEARCH_USER_PATHS = NO;
				CLANG_ANALYZER_NONNULL = YES;
				CLANG_ANALYZER_NUMBER_OBJECT_CONVERSION = YES_AGGRESSIVE;
				CLANG_CXX_LANGUAGE_STANDARD = "gnu++14";
				CLANG_CXX_LIBRARY = "libc++";
				CLANG_ENABLE_MODULES = YES;
				CLANG_ENABLE_OBJC_ARC = YES;
				CLANG_ENABLE_OBJC_WEAK = YES;
				CLANG_WARN_BLOCK_CAPTURE_AUTORELEASING = YES;
				CLANG_WARN_BOOL_CONVERSION = YES;
				CLANG_WARN_COMMA = YES;
				CLANG_WARN_CONSTANT_CONVERSION = YES;
				CLANG_WARN_DEPRECATED_OBJC_IMPLEMENTATIONS = YES;
				CLANG_WARN_DIRECT_OBJC_ISA_USAGE = YES_ERROR;
				CLANG_WARN_DOCUMENTATION_COMMENTS = YES;
				CLANG_WARN_EMPTY_BODY = YES;
				CLANG_WARN_ENUM_CONVERSION = YES;
				CLANG_WARN_INFINITE_RECURSION = YES;
				CLANG_WARN_INT_CONVERSION = YES;
				CLANG_WARN_NON_LITERAL_NULL_CONVERSION = YES;
				CLANG_WARN_OBJC_IMPLICIT_RETAIN_SELF = YES;
				CLANG_WARN_OBJC_LITERAL_CONVERSION = YES;
				CLANG_WARN_OBJC_ROOT_CLASS = YES_ERROR;
				CLANG_WARN_RANGE_LOOP_ANALYSIS = YES;
				CLANG_WARN_STRICT_PROTOTYPES = YES;
				CLANG_WARN_SUSPICIOUS_MOVE = YES;
				CLANG_WARN_UNGUARDED_AVAILABILITY = YES_AGGRESSIVE;
				CLANG_WARN_UNREACHABLE_CODE = YES;
				CLANG_WARN__DUPLICATE_METHOD_MATCH = YES;
				CODE_SIGN_IDENTITY = "iPhone Developer";
				COPY_PHASE_STRIP = NO;
				DEBUG_INFORMATION_FORMAT = "dwarf-with-dsym";
				ENABLE_NS_ASSERTIONS = NO;
				ENABLE_STRICT_OBJC_MSGSEND = YES;
				GCC_C_LANGUAGE_STANDARD = gnu11;
				GCC_NO_COMMON_BLOCKS = YES;
				GCC_WARN_64_TO_32_BIT_CONVERSION = YES;
				GCC_WARN_ABOUT_RETURN_TYPE = YES_ERROR;
				GCC_WARN_UNDECLARED_SELECTOR = YES;
				GCC_WARN_UNINITIALIZED_AUTOS = YES_AGGRESSIVE;
				GCC_WARN_UNUSED_FUNCTION = YES;
				GCC_WARN_UNUSED_VARIABLE = YES;
				IPHONEOS_DEPLOYMENT_TARGET = 12.1;
				MTL_ENABLE_DEBUG_INFO = NO;
				MTL_FAST_MATH = YES;
				SDKROOT = iphoneos;
				SWIFT_COMPILATION_MODE = wholemodule;
				SWIFT_OBJC_BRIDGING_HEADER = "$(SRCROOT)/BTLauncher-Bridging-Header.h";
				SWIFT_OPTIMIZATION_LEVEL = "-O";
				VALIDATE_PRODUCT = YES;
			};
			name = Release;
		};
		C202570021E7AE6900DE6E53 /* Debug */ = {
			isa = XCBuildConfiguration;
			buildSettings = {
				ASSETCATALOG_COMPILER_APPICON_NAME = AppIcon;
				CODE_SIGN_STYLE = Automatic;
				DEVELOPMENT_TEAM = 8MUG75JRMF;
				INFOPLIST_FILE = BTLauncher/Info.plist;
				LD_RUNPATH_SEARCH_PATHS = (
					"$(inherited)",
					"@executable_path/Frameworks",
				);
				PRODUCT_BUNDLE_IDENTIFIER = com.barnstar.BTLauncher.BTLauncher;
				PRODUCT_NAME = "$(TARGET_NAME)";
				SWIFT_VERSION = 4.2;
				TARGETED_DEVICE_FAMILY = "1,2";
			};
			name = Debug;
		};
		C202570121E7AE6900DE6E53 /* Release */ = {
			isa = XCBuildConfiguration;
			buildSettings = {
				ASSETCATALOG_COMPILER_APPICON_NAME = AppIcon;
				CODE_SIGN_STYLE = Automatic;
				DEVELOPMENT_TEAM = 8MUG75JRMF;
				INFOPLIST_FILE = BTLauncher/Info.plist;
				LD_RUNPATH_SEARCH_PATHS = (
					"$(inherited)",
					"@executable_path/Frameworks",
				);
				PRODUCT_BUNDLE_IDENTIFIER = com.barnstar.BTLauncher.BTLauncher;
				PRODUCT_NAME = "$(TARGET_NAME)";
				SWIFT_VERSION = 4.2;
				TARGETED_DEVICE_FAMILY = "1,2";
			};
			name = Release;
		};
/* End XCBuildConfiguration section */

/* Begin XCConfigurationList section */
		C20256E821E7AE6800DE6E53 /* Build configuration list for PBXProject "BTLauncher" */ = {
			isa = XCConfigurationList;
			buildConfigurations = (
				C20256FD21E7AE6900DE6E53 /* Debug */,
				C20256FE21E7AE6900DE6E53 /* Release */,
			);
			defaultConfigurationIsVisible = 0;
			defaultConfigurationName = Release;
		};
		C20256FF21E7AE6900DE6E53 /* Build configuration list for PBXNativeTarget "BTLauncher" */ = {
			isa = XCConfigurationList;
			buildConfigurations = (
				C202570021E7AE6900DE6E53 /* Debug */,
				C202570121E7AE6900DE6E53 /* Release */,
			);
			defaultConfigurationIsVisible = 0;
			defaultConfigurationName = Release;
		};
/* End XCConfigurationList section */
	};
	rootObject = C20256E521E7AE6800DE6E53 /* Project object */;
}
